// !$*UTF8*$!
{
	archiveVersion = 1;
	classes = {
	};
	objectVersion = 56;
	objects = {

/* Begin PBXBuildFile section */
		CB7EB98D2B94F231002260AF /* Client.swift in Sources */ = {isa = PBXBuildFile; fileRef = CB7EB98C2B94F230002260AF /* Client.swift */; };
		CB7EB98F2B951884002260AF /* Types.swift in Sources */ = {isa = PBXBuildFile; fileRef = CB7EB98E2B951884002260AF /* Types.swift */; };
		CBBC46B92B94294100AB35E2 /* _OpenAPIGeneratorCore in Frameworks */ = {isa = PBXBuildFile; productRef = CBBC46B82B94294100AB35E2 /* _OpenAPIGeneratorCore */; };
		CBBC46BB2B94294100AB35E2 /* OpenAPIRuntime in Frameworks */ = {isa = PBXBuildFile; productRef = CBBC46BA2B94294100AB35E2 /* OpenAPIRuntime */; };
		CBBC46BD2B94294100AB35E2 /* OpenAPIURLSession in Frameworks */ = {isa = PBXBuildFile; productRef = CBBC46BC2B94294100AB35E2 /* OpenAPIURLSession */; };
		CBBC46BF2B94294100AB35E2 /* Toml in Frameworks */ = {isa = PBXBuildFile; productRef = CBBC46BE2B94294100AB35E2 /* Toml */; };
		CBFE2B542B857D8F00EA6838 /* SoftLightApp.swift in Sources */ = {isa = PBXBuildFile; fileRef = CBFE2B532B857D8F00EA6838 /* SoftLightApp.swift */; };
		CBFE2B562B857D8F00EA6838 /* ContentView.swift in Sources */ = {isa = PBXBuildFile; fileRef = CBFE2B552B857D8F00EA6838 /* ContentView.swift */; };
		CBFE2B582B857D9000EA6838 /* Assets.xcassets in Resources */ = {isa = PBXBuildFile; fileRef = CBFE2B572B857D9000EA6838 /* Assets.xcassets */; };
		CBFE2B5B2B857D9000EA6838 /* Preview Assets.xcassets in Resources */ = {isa = PBXBuildFile; fileRef = CBFE2B5A2B857D9000EA6838 /* Preview Assets.xcassets */; };
		CBFE2B7D2B858F9B00EA6838 /* Color+HexCode.swift in Sources */ = {isa = PBXBuildFile; fileRef = CBFE2B7C2B858F9B00EA6838 /* Color+HexCode.swift */; };
/* End PBXBuildFile section */

/* Begin PBXFileReference section */
		CB7EB98C2B94F230002260AF /* Client.swift */ = {isa = PBXFileReference; fileEncoding = 4; lastKnownFileType = sourcecode.swift; path = Client.swift; sourceTree = "<group>"; };
		CB7EB98E2B951884002260AF /* Types.swift */ = {isa = PBXFileReference; fileEncoding = 4; lastKnownFileType = sourcecode.swift; path = Types.swift; sourceTree = "<group>"; };
		CBFE2B502B857D8F00EA6838 /* SoftLight.app */ = {isa = PBXFileReference; explicitFileType = wrapper.application; includeInIndex = 0; path = SoftLight.app; sourceTree = BUILT_PRODUCTS_DIR; };
		CBFE2B532B857D8F00EA6838 /* SoftLightApp.swift */ = {isa = PBXFileReference; lastKnownFileType = sourcecode.swift; path = SoftLightApp.swift; sourceTree = "<group>"; };
		CBFE2B552B857D8F00EA6838 /* ContentView.swift */ = {isa = PBXFileReference; lastKnownFileType = sourcecode.swift; path = ContentView.swift; sourceTree = "<group>"; };
		CBFE2B572B857D9000EA6838 /* Assets.xcassets */ = {isa = PBXFileReference; lastKnownFileType = folder.assetcatalog; path = Assets.xcassets; sourceTree = "<group>"; };
		CBFE2B5A2B857D9000EA6838 /* Preview Assets.xcassets */ = {isa = PBXFileReference; lastKnownFileType = folder.assetcatalog; path = "Preview Assets.xcassets"; sourceTree = "<group>"; };
		CBFE2B5C2B857D9000EA6838 /* SoftLight.entitlements */ = {isa = PBXFileReference; lastKnownFileType = text.plist.entitlements; path = SoftLight.entitlements; sourceTree = "<group>"; };
		CBFE2B7C2B858F9B00EA6838 /* Color+HexCode.swift */ = {isa = PBXFileReference; lastKnownFileType = sourcecode.swift; path = "Color+HexCode.swift"; sourceTree = "<group>"; };
/* End PBXFileReference section */

/* Begin PBXFrameworksBuildPhase section */
		CBFE2B4D2B857D8F00EA6838 /* Frameworks */ = {
			isa = PBXFrameworksBuildPhase;
			buildActionMask = 2147483647;
			files = (
				CBBC46BF2B94294100AB35E2 /* Toml in Frameworks */,
				CBBC46BB2B94294100AB35E2 /* OpenAPIRuntime in Frameworks */,
				CBBC46BD2B94294100AB35E2 /* OpenAPIURLSession in Frameworks */,
				CBBC46B92B94294100AB35E2 /* _OpenAPIGeneratorCore in Frameworks */,
			);
			runOnlyForDeploymentPostprocessing = 0;
		};
/* End PBXFrameworksBuildPhase section */

/* Begin PBXGroup section */
		CBBC46B72B94294100AB35E2 /* Frameworks */ = {
			isa = PBXGroup;
			children = (
			);
			name = Frameworks;
			sourceTree = "<group>";
		};
		CBFE2B472B857D8F00EA6838 = {
			isa = PBXGroup;
			children = (
				CBFE2B522B857D8F00EA6838 /* SoftLight */,
				CBFE2B512B857D8F00EA6838 /* Products */,
				CBBC46B72B94294100AB35E2 /* Frameworks */,
			);
			sourceTree = "<group>";
		};
		CBFE2B512B857D8F00EA6838 /* Products */ = {
			isa = PBXGroup;
			children = (
				CBFE2B502B857D8F00EA6838 /* SoftLight.app */,
			);
			name = Products;
			sourceTree = "<group>";
		};
		CBFE2B522B857D8F00EA6838 /* SoftLight */ = {
			isa = PBXGroup;
			children = (
				CB7EB98E2B951884002260AF /* Types.swift */,
				CB7EB98C2B94F230002260AF /* Client.swift */,
				CBFE2B532B857D8F00EA6838 /* SoftLightApp.swift */,
				CBFE2B552B857D8F00EA6838 /* ContentView.swift */,
				CBFE2B572B857D9000EA6838 /* Assets.xcassets */,
				CBFE2B5C2B857D9000EA6838 /* SoftLight.entitlements */,
				CBFE2B592B857D9000EA6838 /* Preview Content */,
				CBFE2B7C2B858F9B00EA6838 /* Color+HexCode.swift */,
			);
			path = SoftLight;
			sourceTree = "<group>";
		};
		CBFE2B592B857D9000EA6838 /* Preview Content */ = {
			isa = PBXGroup;
			children = (
				CBFE2B5A2B857D9000EA6838 /* Preview Assets.xcassets */,
			);
			path = "Preview Content";
			sourceTree = "<group>";
		};
/* End PBXGroup section */

/* Begin PBXNativeTarget section */
		CBFE2B4F2B857D8F00EA6838 /* SoftLight */ = {
			isa = PBXNativeTarget;
			buildConfigurationList = CBFE2B5F2B857D9000EA6838 /* Build configuration list for PBXNativeTarget "SoftLight" */;
			buildPhases = (
				CBFE2B4C2B857D8F00EA6838 /* Sources */,
				CBFE2B4D2B857D8F00EA6838 /* Frameworks */,
				CBFE2B4E2B857D8F00EA6838 /* Resources */,
			);
			buildRules = (
			);
			dependencies = (
			);
			name = SoftLight;
			packageProductDependencies = (
				CBBC46B82B94294100AB35E2 /* _OpenAPIGeneratorCore */,
				CBBC46BA2B94294100AB35E2 /* OpenAPIRuntime */,
				CBBC46BC2B94294100AB35E2 /* OpenAPIURLSession */,
				CBBC46BE2B94294100AB35E2 /* Toml */,
			);
			productName = GithubLight;
			productReference = CBFE2B502B857D8F00EA6838 /* SoftLight.app */;
			productType = "com.apple.product-type.application";
		};
/* End PBXNativeTarget section */

/* Begin PBXProject section */
		CBFE2B482B857D8F00EA6838 /* Project object */ = {
			isa = PBXProject;
			attributes = {
				BuildIndependentTargetsInParallel = 1;
				LastSwiftUpdateCheck = 1520;
				LastUpgradeCheck = 1520;
				TargetAttributes = {
					CBFE2B4F2B857D8F00EA6838 = {
						CreatedOnToolsVersion = 15.2;
					};
				};
			};
			buildConfigurationList = CBFE2B4B2B857D8F00EA6838 /* Build configuration list for PBXProject "SoftLight" */;
			compatibilityVersion = "Xcode 14.0";
			developmentRegion = en;
			hasScannedForEncodings = 0;
			knownRegions = (
				en,
				Base,
			);
			mainGroup = CBFE2B472B857D8F00EA6838;
			packageReferences = (
				CBBC46AE2B9428A600AB35E2 /* XCRemoteSwiftPackageReference "swift-openapi-generator" */,
				CBBC46AF2B9428B800AB35E2 /* XCRemoteSwiftPackageReference "swift-openapi-runtime" */,
				CBBC46B02B9428C200AB35E2 /* XCRemoteSwiftPackageReference "swift-openapi-urlsession" */,
				CBBC46B12B9428CD00AB35E2 /* XCRemoteSwiftPackageReference "swift-toml" */,
			);
			productRefGroup = CBFE2B512B857D8F00EA6838 /* Products */;
			projectDirPath = "";
			projectRoot = "";
			targets = (
				CBFE2B4F2B857D8F00EA6838 /* SoftLight */,
			);
		};
/* End PBXProject section */

/* Begin PBXResourcesBuildPhase section */
		CBFE2B4E2B857D8F00EA6838 /* Resources */ = {
			isa = PBXResourcesBuildPhase;
			buildActionMask = 2147483647;
			files = (
				CBFE2B5B2B857D9000EA6838 /* Preview Assets.xcassets in Resources */,
				CBFE2B582B857D9000EA6838 /* Assets.xcassets in Resources */,
			);
			runOnlyForDeploymentPostprocessing = 0;
		};
/* End PBXResourcesBuildPhase section */

/* Begin PBXSourcesBuildPhase section */
		CBFE2B4C2B857D8F00EA6838 /* Sources */ = {
			isa = PBXSourcesBuildPhase;
			buildActionMask = 2147483647;
			files = (
				CBFE2B562B857D8F00EA6838 /* ContentView.swift in Sources */,
				CBFE2B542B857D8F00EA6838 /* SoftLightApp.swift in Sources */,
				CB7EB98D2B94F231002260AF /* Client.swift in Sources */,
				CB7EB98F2B951884002260AF /* Types.swift in Sources */,
				CBFE2B7D2B858F9B00EA6838 /* Color+HexCode.swift in Sources */,
			);
			runOnlyForDeploymentPostprocessing = 0;
		};
/* End PBXSourcesBuildPhase section */

/* Begin XCBuildConfiguration section */
		CBFE2B5D2B857D9000EA6838 /* Debug */ = {
			isa = XCBuildConfiguration;
			buildSettings = {
				ALWAYS_SEARCH_USER_PATHS = NO;
				ASSETCATALOG_COMPILER_GENERATE_SWIFT_ASSET_SYMBOL_EXTENSIONS = YES;
				CLANG_ANALYZER_NONNULL = YES;
				CLANG_ANALYZER_NUMBER_OBJECT_CONVERSION = YES_AGGRESSIVE;
				CLANG_CXX_LANGUAGE_STANDARD = "gnu++20";
				CLANG_ENABLE_MODULES = YES;
				CLANG_ENABLE_OBJC_ARC = YES;
				CLANG_ENABLE_OBJC_WEAK = YES;
				CLANG_WARN_BLOCK_CAPTURE_AUTORELEASING = YES;
				CLANG_WARN_BOOL_CONVERSION = YES;
				CLANG_WARN_COMMA = YES;
				CLANG_WARN_CONSTANT_CONVERSION = YES;
				CLANG_WARN_DEPRECATED_OBJC_IMPLEMENTATIONS = YES;
				CLANG_WARN_DIRECT_OBJC_ISA_USAGE = YES_ERROR;
				CLANG_WARN_DOCUMENTATION_COMMENTS = YES;
				CLANG_WARN_EMPTY_BODY = YES;
				CLANG_WARN_ENUM_CONVERSION = YES;
				CLANG_WARN_INFINITE_RECURSION = YES;
				CLANG_WARN_INT_CONVERSION = YES;
				CLANG_WARN_NON_LITERAL_NULL_CONVERSION = YES;
				CLANG_WARN_OBJC_IMPLICIT_RETAIN_SELF = YES;
				CLANG_WARN_OBJC_LITERAL_CONVERSION = YES;
				CLANG_WARN_OBJC_ROOT_CLASS = YES_ERROR;
				CLANG_WARN_QUOTED_INCLUDE_IN_FRAMEWORK_HEADER = YES;
				CLANG_WARN_RANGE_LOOP_ANALYSIS = YES;
				CLANG_WARN_STRICT_PROTOTYPES = YES;
				CLANG_WARN_SUSPICIOUS_MOVE = YES;
				CLANG_WARN_UNGUARDED_AVAILABILITY = YES_AGGRESSIVE;
				CLANG_WARN_UNREACHABLE_CODE = YES;
				CLANG_WARN__DUPLICATE_METHOD_MATCH = YES;
				COPY_PHASE_STRIP = NO;
				DEBUG_INFORMATION_FORMAT = dwarf;
				ENABLE_STRICT_OBJC_MSGSEND = YES;
				ENABLE_TESTABILITY = YES;
				ENABLE_USER_SCRIPT_SANDBOXING = YES;
				GCC_C_LANGUAGE_STANDARD = gnu17;
				GCC_DYNAMIC_NO_PIC = NO;
				GCC_NO_COMMON_BLOCKS = YES;
				GCC_OPTIMIZATION_LEVEL = 0;
				GCC_PREPROCESSOR_DEFINITIONS = (
					"DEBUG=1",
					"$(inherited)",
				);
				GCC_WARN_64_TO_32_BIT_CONVERSION = YES;
				GCC_WARN_ABOUT_RETURN_TYPE = YES_ERROR;
				GCC_WARN_UNDECLARED_SELECTOR = YES;
				GCC_WARN_UNINITIALIZED_AUTOS = YES_AGGRESSIVE;
				GCC_WARN_UNUSED_FUNCTION = YES;
				GCC_WARN_UNUSED_VARIABLE = YES;
				LOCALIZATION_PREFERS_STRING_CATALOGS = YES;
				MACOSX_DEPLOYMENT_TARGET = 14.2;
				MTL_ENABLE_DEBUG_INFO = INCLUDE_SOURCE;
				MTL_FAST_MATH = YES;
				ONLY_ACTIVE_ARCH = YES;
				SDKROOT = macosx;
				SWIFT_ACTIVE_COMPILATION_CONDITIONS = "DEBUG $(inherited)";
				SWIFT_OPTIMIZATION_LEVEL = "-Onone";
			};
			name = Debug;
		};
		CBFE2B5E2B857D9000EA6838 /* Release */ = {
			isa = XCBuildConfiguration;
			buildSettings = {
				ALWAYS_SEARCH_USER_PATHS = NO;
				ASSETCATALOG_COMPILER_GENERATE_SWIFT_ASSET_SYMBOL_EXTENSIONS = YES;
				CLANG_ANALYZER_NONNULL = YES;
				CLANG_ANALYZER_NUMBER_OBJECT_CONVERSION = YES_AGGRESSIVE;
				CLANG_CXX_LANGUAGE_STANDARD = "gnu++20";
				CLANG_ENABLE_MODULES = YES;
				CLANG_ENABLE_OBJC_ARC = YES;
				CLANG_ENABLE_OBJC_WEAK = YES;
				CLANG_WARN_BLOCK_CAPTURE_AUTORELEASING = YES;
				CLANG_WARN_BOOL_CONVERSION = YES;
				CLANG_WARN_COMMA = YES;
				CLANG_WARN_CONSTANT_CONVERSION = YES;
				CLANG_WARN_DEPRECATED_OBJC_IMPLEMENTATIONS = YES;
				CLANG_WARN_DIRECT_OBJC_ISA_USAGE = YES_ERROR;
				CLANG_WARN_DOCUMENTATION_COMMENTS = YES;
				CLANG_WARN_EMPTY_BODY = YES;
				CLANG_WARN_ENUM_CONVERSION = YES;
				CLANG_WARN_INFINITE_RECURSION = YES;
				CLANG_WARN_INT_CONVERSION = YES;
				CLANG_WARN_NON_LITERAL_NULL_CONVERSION = YES;
				CLANG_WARN_OBJC_IMPLICIT_RETAIN_SELF = YES;
				CLANG_WARN_OBJC_LITERAL_CONVERSION = YES;
				CLANG_WARN_OBJC_ROOT_CLASS = YES_ERROR;
				CLANG_WARN_QUOTED_INCLUDE_IN_FRAMEWORK_HEADER = YES;
				CLANG_WARN_RANGE_LOOP_ANALYSIS = YES;
				CLANG_WARN_STRICT_PROTOTYPES = YES;
				CLANG_WARN_SUSPICIOUS_MOVE = YES;
				CLANG_WARN_UNGUARDED_AVAILABILITY = YES_AGGRESSIVE;
				CLANG_WARN_UNREACHABLE_CODE = YES;
				CLANG_WARN__DUPLICATE_METHOD_MATCH = YES;
				COPY_PHASE_STRIP = NO;
				DEBUG_INFORMATION_FORMAT = "dwarf-with-dsym";
				ENABLE_NS_ASSERTIONS = NO;
				ENABLE_STRICT_OBJC_MSGSEND = YES;
				ENABLE_USER_SCRIPT_SANDBOXING = YES;
				GCC_C_LANGUAGE_STANDARD = gnu17;
				GCC_NO_COMMON_BLOCKS = YES;
				GCC_WARN_64_TO_32_BIT_CONVERSION = YES;
				GCC_WARN_ABOUT_RETURN_TYPE = YES_ERROR;
				GCC_WARN_UNDECLARED_SELECTOR = YES;
				GCC_WARN_UNINITIALIZED_AUTOS = YES_AGGRESSIVE;
				GCC_WARN_UNUSED_FUNCTION = YES;
				GCC_WARN_UNUSED_VARIABLE = YES;
				LOCALIZATION_PREFERS_STRING_CATALOGS = YES;
				MACOSX_DEPLOYMENT_TARGET = 14.2;
				MTL_ENABLE_DEBUG_INFO = NO;
				MTL_FAST_MATH = YES;
				SDKROOT = macosx;
				SWIFT_COMPILATION_MODE = wholemodule;
			};
			name = Release;
		};
		CBFE2B602B857D9000EA6838 /* Debug */ = {
			isa = XCBuildConfiguration;
			buildSettings = {
				ASSETCATALOG_COMPILER_APPICON_NAME = AppIcon;
				ASSETCATALOG_COMPILER_GLOBAL_ACCENT_COLOR_NAME = AccentColor;
				CODE_SIGN_ENTITLEMENTS = SoftLight/SoftLight.entitlements;
				CODE_SIGN_STYLE = Automatic;
				COMBINE_HIDPI_IMAGES = YES;
				CURRENT_PROJECT_VERSION = HEAD;
				DEVELOPMENT_ASSET_PATHS = "\"SoftLight/Preview Content\"";
				DEVELOPMENT_TEAM = PW3LJSK7Z7;
				ENABLE_HARDENED_RUNTIME = YES;
				ENABLE_PREVIEWS = YES;
				GENERATE_INFOPLIST_FILE = YES;
				INFOPLIST_KEY_NSHumanReadableCopyright = "Copyright 2024 Karl Kraft. All rights reserved.";
				LD_RUNPATH_SEARCH_PATHS = (
					"$(inherited)",
					"@executable_path/../Frameworks",
				);
				MARKETING_VERSION = 0.0;
				PRODUCT_BUNDLE_IDENTIFIER = com.karlkraft.SoftLight;
				PRODUCT_NAME = "$(TARGET_NAME)";
				SWIFT_EMIT_LOC_STRINGS = YES;
				SWIFT_VERSION = 6.0;
			};
			name = Debug;
		};
		CBFE2B612B857D9000EA6838 /* Release */ = {
			isa = XCBuildConfiguration;
			buildSettings = {
				ASSETCATALOG_COMPILER_APPICON_NAME = AppIcon;
				ASSETCATALOG_COMPILER_GLOBAL_ACCENT_COLOR_NAME = AccentColor;
				CODE_SIGN_ENTITLEMENTS = SoftLight/SoftLight.entitlements;
				CODE_SIGN_STYLE = Automatic;
				COMBINE_HIDPI_IMAGES = YES;
				CURRENT_PROJECT_VERSION = HEAD;
				DEVELOPMENT_ASSET_PATHS = "\"SoftLight/Preview Content\"";
				DEVELOPMENT_TEAM = PW3LJSK7Z7;
				ENABLE_HARDENED_RUNTIME = YES;
				ENABLE_PREVIEWS = YES;
				GENERATE_INFOPLIST_FILE = YES;
				INFOPLIST_KEY_NSHumanReadableCopyright = "Copyright 2024 Karl Kraft. All rights reserved.";
				LD_RUNPATH_SEARCH_PATHS = (
					"$(inherited)",
					"@executable_path/../Frameworks",
				);
				MARKETING_VERSION = 0.0;
				PRODUCT_BUNDLE_IDENTIFIER = com.karlkraft.SoftLight;
				PRODUCT_NAME = "$(TARGET_NAME)";
				SWIFT_EMIT_LOC_STRINGS = YES;
				SWIFT_VERSION = 6.0;
			};
			name = Release;
		};
/* End XCBuildConfiguration section */

/* Begin XCConfigurationList section */
		CBFE2B4B2B857D8F00EA6838 /* Build configuration list for PBXProject "SoftLight" */ = {
			isa = XCConfigurationList;
			buildConfigurations = (
				CBFE2B5D2B857D9000EA6838 /* Debug */,
				CBFE2B5E2B857D9000EA6838 /* Release */,
			);
			defaultConfigurationIsVisible = 0;
			defaultConfigurationName = Release;
		};
		CBFE2B5F2B857D9000EA6838 /* Build configuration list for PBXNativeTarget "SoftLight" */ = {
			isa = XCConfigurationList;
			buildConfigurations = (
				CBFE2B602B857D9000EA6838 /* Debug */,
				CBFE2B612B857D9000EA6838 /* Release */,
			);
			defaultConfigurationIsVisible = 0;
			defaultConfigurationName = Release;
		};
/* End XCConfigurationList section */

/* Begin XCRemoteSwiftPackageReference section */
		CBBC46AE2B9428A600AB35E2 /* XCRemoteSwiftPackageReference "swift-openapi-generator" */ = {
			isa = XCRemoteSwiftPackageReference;
			repositoryURL = "https://github.com/apple/swift-openapi-generator.git";
			requirement = {
				kind = exactVersion;
				version = 1.3.1;
			};
		};
		CBBC46AF2B9428B800AB35E2 /* XCRemoteSwiftPackageReference "swift-openapi-runtime" */ = {
			isa = XCRemoteSwiftPackageReference;
			repositoryURL = "https://github.com/apple/swift-openapi-runtime.git";
			requirement = {
				kind = exactVersion;
				version = 1.5.0;
			};
		};
		CBBC46B02B9428C200AB35E2 /* XCRemoteSwiftPackageReference "swift-openapi-urlsession" */ = {
			isa = XCRemoteSwiftPackageReference;
			repositoryURL = "https://github.com/apple/swift-openapi-urlsession.git";
			requirement = {
				kind = exactVersion;
				version = 1.0.2;
			};
		};
		CBBC46B12B9428CD00AB35E2 /* XCRemoteSwiftPackageReference "swift-toml" */ = {
			isa = XCRemoteSwiftPackageReference;
			repositoryURL = "https://github.com/jdfergason/swift-toml";
			requirement = {
				kind = exactVersion;
				version = 1.0.0;
			};
		};
/* End XCRemoteSwiftPackageReference section */

/* Begin XCSwiftPackageProductDependency section */
		CBBC46B82B94294100AB35E2 /* _OpenAPIGeneratorCore */ = {
			isa = XCSwiftPackageProductDependency;
			package = CBBC46AE2B9428A600AB35E2 /* XCRemoteSwiftPackageReference "swift-openapi-generator" */;
			productName = _OpenAPIGeneratorCore;
		};
		CBBC46BA2B94294100AB35E2 /* OpenAPIRuntime */ = {
			isa = XCSwiftPackageProductDependency;
			package = CBBC46AF2B9428B800AB35E2 /* XCRemoteSwiftPackageReference "swift-openapi-runtime" */;
			productName = OpenAPIRuntime;
		};
		CBBC46BC2B94294100AB35E2 /* OpenAPIURLSession */ = {
			isa = XCSwiftPackageProductDependency;
			package = CBBC46B02B9428C200AB35E2 /* XCRemoteSwiftPackageReference "swift-openapi-urlsession" */;
			productName = OpenAPIURLSession;
		};
		CBBC46BE2B94294100AB35E2 /* Toml */ = {
			isa = XCSwiftPackageProductDependency;
			package = CBBC46B12B9428CD00AB35E2 /* XCRemoteSwiftPackageReference "swift-toml" */;
			productName = Toml;
		};
/* End XCSwiftPackageProductDependency section */
	};
	rootObject = CBFE2B482B857D8F00EA6838 /* Project object */;
}
